
Microsoft Visual Studio Solution File, Format Version 12.00
# Visual Studio 2013
VisualStudioVersion = 12.0.31101.0
MinimumVisualStudioVersion = 10.0.40219.1
Project("{FAE04EC0-301F-11D3-BF4B-00C04F79EFBC}") = "ITechSite", "ITechSite\ITechSite.csproj", "{18392ED0-DE70-4EAF-9F9B-4092DA2E991E}"
EndProject
Project("{FAE04EC0-301F-11D3-BF4B-00C04F79EFBC}") = "ItechGeneratorInstrukcji", "ItechGeneratorInstrukcji\ItechGeneratorInstrukcji.csproj", "{69F414B1-39A1-48EC-8E7E-246EEF7A02E1}"
	ProjectSection(ProjectDependencies) = postProject
		{A5679F9B-88B6-4EEA-83CE-2AC2B9D25BA3} = {A5679F9B-88B6-4EEA-83CE-2AC2B9D25BA3}
	EndProjectSection
EndProject
Project("{FAE04EC0-301F-11D3-BF4B-00C04F79EFBC}") = "InstrukcjeProdukcyjne", "InstrukcjeProdukcyjne\InstrukcjeProdukcyjne\InstrukcjeProdukcyjne.csproj", "{B22AE071-B4E8-4837-8412-ADBAB72CABEC}"
	ProjectSection(ProjectDependencies) = postProject
		{A5679F9B-88B6-4EEA-83CE-2AC2B9D25BA3} = {A5679F9B-88B6-4EEA-83CE-2AC2B9D25BA3}
	EndProjectSection
EndProject
Project("{FAE04EC0-301F-11D3-BF4B-00C04F79EFBC}") = "ITechInstrukcjeModel", "ITechInstrukcjeModel\ITechInstrukcjeModel.csproj", "{1E5ED991-068C-44C1-BE04-70F338BE897F}"
EndProject
Project("{FAE04EC0-301F-11D3-BF4B-00C04F79EFBC}") = "ITechService", "ITechService\ITechService.csproj", "{A5679F9B-88B6-4EEA-83CE-2AC2B9D25BA3}"
EndProject
Global
	GlobalSection(SolutionConfigurationPlatforms) = preSolution
		Debug|Any CPU = Debug|Any CPU
		Release|Any CPU = Release|Any CPU
	EndGlobalSection
	GlobalSection(ProjectConfigurationPlatforms) = postSolution
		{18392ED0-DE70-4EAF-9F9B-4092DA2E991E}.Debug|Any CPU.ActiveCfg = Debug|Any CPU
		{18392ED0-DE70-4EAF-9F9B-4092DA2E991E}.Debug|Any CPU.Build.0 = Debug|Any CPU
		{18392ED0-DE70-4EAF-9F9B-4092DA2E991E}.Release|Any CPU.ActiveCfg = Release|Any CPU
		{18392ED0-DE70-4EAF-9F9B-4092DA2E991E}.Release|Any CPU.Build.0 = Release|Any CPU
		{69F414B1-39A1-48EC-8E7E-246EEF7A02E1}.Debug|Any CPU.ActiveCfg = Debug|Any CPU
		{69F414B1-39A1-48EC-8E7E-246EEF7A02E1}.Debug|Any CPU.Build.0 = Debug|Any CPU
		{69F414B1-39A1-48EC-8E7E-246EEF7A02E1}.Release|Any CPU.ActiveCfg = Release|Any CPU
		{69F414B1-39A1-48EC-8E7E-246EEF7A02E1}.Release|Any CPU.Build.0 = Release|Any CPU
		{B22AE071-B4E8-4837-8412-ADBAB72CABEC}.Debug|Any CPU.ActiveCfg = Debug|Any CPU
		{B22AE071-B4E8-4837-8412-ADBAB72CABEC}.Debug|Any CPU.Build.0 = Debug|Any CPU
		{B22AE071-B4E8-4837-8412-ADBAB72CABEC}.Release|Any CPU.ActiveCfg = Release|Any CPU
		{B22AE071-B4E8-4837-8412-ADBAB72CABEC}.Release|Any CPU.Build.0 = Release|Any CPU
		{1E5ED991-068C-44C1-BE04-70F338BE897F}.Debug|Any CPU.ActiveCfg = Debug|Any CPU
		{1E5ED991-068C-44C1-BE04-70F338BE897F}.Debug|Any CPU.Build.0 = Debug|Any CPU
		{1E5ED991-068C-44C1-BE04-70F338BE897F}.Release|Any CPU.ActiveCfg = Release|Any CPU
		{1E5ED991-068C-44C1-BE04-70F338BE897F}.Release|Any CPU.Build.0 = Release|Any CPU
		{A5679F9B-88B6-4EEA-83CE-2AC2B9D25BA3}.Debug|Any CPU.ActiveCfg = Debug|Any CPU
		{A5679F9B-88B6-4EEA-83CE-2AC2B9D25BA3}.Debug|Any CPU.Build.0 = Debug|Any CPU
		{A5679F9B-88B6-4EEA-83CE-2AC2B9D25BA3}.Release|Any CPU.ActiveCfg = Release|Any CPU
		{A5679F9B-88B6-4EEA-83CE-2AC2B9D25BA3}.Release|Any CPU.Build.0 = Release|Any CPU
	EndGlobalSection
	GlobalSection(SolutionProperties) = preSolution
		HideSolutionNode = FALSE
	EndGlobalSection
EndGlobal
